<?xml version="1.0" encoding="utf-8"?>
<Project ToolsVersion="4.0" xmlns="http://schemas.microsoft.com/developer/msbuild/2003">
  <ItemGroup>
    <Filter Include="Source Files">
      <UniqueIdentifier>{4FC737F1-C7A5-4376-A066-2A32D752A2FF}</UniqueIdentifier>
      <Extensions>cpp;c;cc;cxx;def;odl;idl;hpj;bat;asm;asmx</Extensions>
    </Filter>
    <Filter Include="Header Files">
      <UniqueIdentifier>{93995380-89BD-4b04-88EB-625FBE52EBFB}</UniqueIdentifier>
      <Extensions>h;hh;hpp;hxx;hm;inl;inc;ipp;xsd</Extensions>
    </Filter>
    <Filter Include="Resource Files">
      <UniqueIdentifier>{67DA6AB6-F800-4c08-8B7A-83BB121AAD01}</UniqueIdentifier>
      <Extensions>rc;ico;cur;bmp;dlg;rc2;rct;bin;rgs;gif;jpg;jpeg;jpe;resx;tiff;tif;png;wav;mfcribbon-ms</Extensions>
    </Filter>
    <Filter Include="Resource Files\GLSL">
      <UniqueIdentifier>{acc82e51-00f7-47fd-ad4a-d75e0272fa2b}</UniqueIdentifier>
    </Filter>
    <Filter Include="Resource Files\Images">
      <UniqueIdentifier>{565cc137-6e5e-4410-8f9a-41e382fc25ba}</UniqueIdentifier>
    </Filter>
  </ItemGroup>
  <ItemGroup>
    <ClCompile Include="Main.cpp">
      <Filter>Source Files</Filter>
    </ClCompile>
    <ClCompile Include="glContext.cpp">
      <Filter>Source Files</Filter>
    </ClCompile>
    <ClCompile Include="Shader.cpp">
      <Filter>Source Files</Filter>
    </ClCompile>
  </ItemGroup>
  <ItemGroup>
    <ClInclude Include="resource.h">
      <Filter>Header Files</Filter>
    </ClInclude>
    <ClInclude Include="Shader.h">
      <Filter>Header Files</Filter>
    </ClInclude>
  </ItemGroup>
  <ItemGroup>
    <ResourceCompile Include="Incognito.rc">
      <Filter>Resource Files</Filter>
    </ResourceCompile>
  </ItemGroup>
  <ItemGroup>
    <None Include="first_vertex_shader.vs">
      <Filter>Resource Files\GLSL</Filter>
    </None>
    <None Include="green.frag">
      <Filter>Resource Files\GLSL</Filter>
    </None>
    <None Include="orange.frag">
      <Filter>Resource Files\GLSL</Filter>
    </None>
    <None Include="input_color.frag">
      <Filter>Resource Files\GLSL</Filter>
    </None>
    <None Include="second.vs">
      <Filter>Resource Files\GLSL</Filter>
    </None>
    <None Include="uniform_tut.frag">
      <Filter>Resource Files\GLSL</Filter>
    </None>
    <None Include="interpolation.vs">
      <Filter>Resource Files\GLSL</Filter>
    </None>
    <None Include="interpolation.frag">
      <Filter>Resource Files\GLSL</Filter>
    </None>
    <None Include="move_interpolate.vs">
      <Filter>Resource Files\GLSL</Filter>
    </None>
    <None Include="bookcase.vs">
      <Filter>Resource Files\GLSL</Filter>
    </None>
    <None Include="bookcase.frag">
      <Filter>Resource Files\GLSL</Filter>
    </None>
    <None Include="bookcaseDuoTexture.frag">
      <Filter>Resource Files\GLSL</Filter>
    </None>
  </ItemGroup>
  <ItemGroup>
    <Image Include="img\container.jpg">
      <Filter>Resource Files\Images</Filter>
    </Image>
  </ItemGroup>
</Project>